// !$*UTF8*$!
{
	archiveVersion = 1;
	classes = {
	};
	objectVersion = 51;
	objects = {

/* Begin PBXBuildFile section */
		82505428251644A800048F8A /* DetailVideoViewController.swift in Sources */ = {isa = PBXBuildFile; fileRef = 82505427251644A800048F8A /* DetailVideoViewController.swift */; };
		8251B9AC24D7EE2A0068D6A8 /* YoutubeDTO.swift in Sources */ = {isa = PBXBuildFile; fileRef = 8251B9AB24D7EE2A0068D6A8 /* YoutubeDTO.swift */; };
		8252E3FB24C57E1300EC390A /* SceneDelegate.swift in Sources */ = {isa = PBXBuildFile; fileRef = 8252E3FA24C57E1300EC390A /* SceneDelegate.swift */; };
		8252E40224C57E1400EC390A /* Assets.xcassets in Resources */ = {isa = PBXBuildFile; fileRef = 8252E40124C57E1400EC390A /* Assets.xcassets */; };
		8252E40524C57E1400EC390A /* LaunchScreen.storyboard in Resources */ = {isa = PBXBuildFile; fileRef = 8252E40324C57E1400EC390A /* LaunchScreen.storyboard */; };
		8252E41524C5D15D00EC390A /* Main.storyboard in Resources */ = {isa = PBXBuildFile; fileRef = 8252E41424C5D15D00EC390A /* Main.storyboard */; };
		826C05BB24DA888800303719 /* UIVO.swift in Sources */ = {isa = PBXBuildFile; fileRef = 826C05BA24DA888800303719 /* UIVO.swift */; };
		826C05BF24DAA43500303719 /* MainTableViewCell.swift in Sources */ = {isa = PBXBuildFile; fileRef = 826C05BE24DAA43500303719 /* MainTableViewCell.swift */; };
		826C05C224DBE82A00303719 /* CacheManager.swift in Sources */ = {isa = PBXBuildFile; fileRef = 826C05C124DBE82A00303719 /* CacheManager.swift */; };
		826C05C724DC14D300303719 /* WebKit.framework in Frameworks */ = {isa = PBXBuildFile; fileRef = 826C05C524DC0A7600303719 /* WebKit.framework */; };
		82867AED2510FE460088FB06 /* ChannelThumbnailModel.swift in Sources */ = {isa = PBXBuildFile; fileRef = 82867AEC2510FE460088FB06 /* ChannelThumbnailModel.swift */; };
		82867AEF251101B60088FB06 /* ChannelThumbnailViewModel.swift in Sources */ = {isa = PBXBuildFile; fileRef = 82867AEE251101B60088FB06 /* ChannelThumbnailViewModel.swift */; };
		8288304424D19EE60012DF84 /* MainTableViewController.swift in Sources */ = {isa = PBXBuildFile; fileRef = 8288304324D19EE60012DF84 /* MainTableViewController.swift */; };
		8288304724D1A80B0012DF84 /* AppDelegate.swift in Sources */ = {isa = PBXBuildFile; fileRef = 8288304524D1A7A30012DF84 /* AppDelegate.swift */; };
		828C90A8250F2BAA00DB48E5 /* PlaylistItemsModel.swift in Sources */ = {isa = PBXBuildFile; fileRef = 828C90A7250F2BAA00DB48E5 /* PlaylistItemsModel.swift */; };
		828C90AA250F662C00DB48E5 /* PlaylistItemsViewModel.swift in Sources */ = {isa = PBXBuildFile; fileRef = 828C90A9250F662C00DB48E5 /* PlaylistItemsViewModel.swift */; };
		8290053A2512584C00B05E4B /* MainVideoSubDataModel.swift in Sources */ = {isa = PBXBuildFile; fileRef = 829005392512584C00B05E4B /* MainVideoSubDataModel.swift */; };
		8290053C2512597600B05E4B /* MainVideoSubDataViewModel.swift in Sources */ = {isa = PBXBuildFile; fileRef = 8290053B2512597600B05E4B /* MainVideoSubDataViewModel.swift */; };
		82AB70DB2518C2600002B3D7 /* VideosViewModel.swift in Sources */ = {isa = PBXBuildFile; fileRef = 82AB70DA2518C2600002B3D7 /* VideosViewModel.swift */; };
		82AB70DD2518C2820002B3D7 /* VideosModel.swift in Sources */ = {isa = PBXBuildFile; fileRef = 82AB70DC2518C2820002B3D7 /* VideosModel.swift */; };
		82AB70DF2518F0ED0002B3D7 /* ChannelsModel.swift in Sources */ = {isa = PBXBuildFile; fileRef = 82AB70DE2518F0ED0002B3D7 /* ChannelsModel.swift */; };
		82AB70E12518F2390002B3D7 /* ChannelsViewModel.swift in Sources */ = {isa = PBXBuildFile; fileRef = 82AB70E02518F2390002B3D7 /* ChannelsViewModel.swift */; };
		E778E53698943C939C33E287 /* Pods_YoutubePlayer.framework in Frameworks */ = {isa = PBXBuildFile; fileRef = F3E1709DF9F12C27BDBA8CEB /* Pods_YoutubePlayer.framework */; };
/* End PBXBuildFile section */

/* Begin PBXFileReference section */
		13B5FD84C402D302D3B16C1C /* Pods-YoutubePlayer.release.xcconfig */ = {isa = PBXFileReference; includeInIndex = 1; lastKnownFileType = text.xcconfig; name = "Pods-YoutubePlayer.release.xcconfig"; path = "Target Support Files/Pods-YoutubePlayer/Pods-YoutubePlayer.release.xcconfig"; sourceTree = "<group>"; };
		18341E95D093705A585C7A62 /* Pods-YoutubePlayer.debug.xcconfig */ = {isa = PBXFileReference; includeInIndex = 1; lastKnownFileType = text.xcconfig; name = "Pods-YoutubePlayer.debug.xcconfig"; path = "Target Support Files/Pods-YoutubePlayer/Pods-YoutubePlayer.debug.xcconfig"; sourceTree = "<group>"; };
		82505427251644A800048F8A /* DetailVideoViewController.swift */ = {isa = PBXFileReference; lastKnownFileType = sourcecode.swift; path = DetailVideoViewController.swift; sourceTree = "<group>"; };
		8251B9AB24D7EE2A0068D6A8 /* YoutubeDTO.swift */ = {isa = PBXFileReference; lastKnownFileType = sourcecode.swift; path = YoutubeDTO.swift; sourceTree = "<group>"; };
		8252E3F524C57E1300EC390A /* YoutubePlayer.app */ = {isa = PBXFileReference; explicitFileType = wrapper.application; includeInIndex = 0; path = YoutubePlayer.app; sourceTree = BUILT_PRODUCTS_DIR; };
		8252E3FA24C57E1300EC390A /* SceneDelegate.swift */ = {isa = PBXFileReference; lastKnownFileType = sourcecode.swift; path = SceneDelegate.swift; sourceTree = "<group>"; };
		8252E40124C57E1400EC390A /* Assets.xcassets */ = {isa = PBXFileReference; lastKnownFileType = folder.assetcatalog; path = Assets.xcassets; sourceTree = "<group>"; };
		8252E40424C57E1400EC390A /* Base */ = {isa = PBXFileReference; lastKnownFileType = file.storyboard; name = Base; path = Base.lproj/LaunchScreen.storyboard; sourceTree = "<group>"; };
		8252E40624C57E1400EC390A /* Info.plist */ = {isa = PBXFileReference; lastKnownFileType = text.plist.xml; path = Info.plist; sourceTree = "<group>"; };
		8252E41424C5D15D00EC390A /* Main.storyboard */ = {isa = PBXFileReference; lastKnownFileType = file.storyboard; path = Main.storyboard; sourceTree = "<group>"; };
		826C05BA24DA888800303719 /* UIVO.swift */ = {isa = PBXFileReference; lastKnownFileType = sourcecode.swift; path = UIVO.swift; sourceTree = "<group>"; };
		826C05BE24DAA43500303719 /* MainTableViewCell.swift */ = {isa = PBXFileReference; lastKnownFileType = sourcecode.swift; path = MainTableViewCell.swift; sourceTree = "<group>"; };
		826C05C124DBE82A00303719 /* CacheManager.swift */ = {isa = PBXFileReference; lastKnownFileType = sourcecode.swift; path = CacheManager.swift; sourceTree = "<group>"; };
		826C05C524DC0A7600303719 /* WebKit.framework */ = {isa = PBXFileReference; lastKnownFileType = wrapper.framework; name = WebKit.framework; path = System/Library/Frameworks/WebKit.framework; sourceTree = SDKROOT; };
		82867AEC2510FE460088FB06 /* ChannelThumbnailModel.swift */ = {isa = PBXFileReference; lastKnownFileType = sourcecode.swift; path = ChannelThumbnailModel.swift; sourceTree = "<group>"; };
		82867AEE251101B60088FB06 /* ChannelThumbnailViewModel.swift */ = {isa = PBXFileReference; lastKnownFileType = sourcecode.swift; path = ChannelThumbnailViewModel.swift; sourceTree = "<group>"; };
		8288304324D19EE60012DF84 /* MainTableViewController.swift */ = {isa = PBXFileReference; lastKnownFileType = sourcecode.swift; path = MainTableViewController.swift; sourceTree = "<group>"; };
		8288304524D1A7A30012DF84 /* AppDelegate.swift */ = {isa = PBXFileReference; fileEncoding = 4; lastKnownFileType = sourcecode.swift; name = AppDelegate.swift; path = YoutubePlayer/AppDelegate.swift; sourceTree = SOURCE_ROOT; };
		828C90A7250F2BAA00DB48E5 /* PlaylistItemsModel.swift */ = {isa = PBXFileReference; lastKnownFileType = sourcecode.swift; path = PlaylistItemsModel.swift; sourceTree = "<group>"; };
		828C90A9250F662C00DB48E5 /* PlaylistItemsViewModel.swift */ = {isa = PBXFileReference; lastKnownFileType = sourcecode.swift; path = PlaylistItemsViewModel.swift; sourceTree = "<group>"; };
		829005392512584C00B05E4B /* MainVideoSubDataModel.swift */ = {isa = PBXFileReference; lastKnownFileType = sourcecode.swift; path = MainVideoSubDataModel.swift; sourceTree = "<group>"; };
		8290053B2512597600B05E4B /* MainVideoSubDataViewModel.swift */ = {isa = PBXFileReference; lastKnownFileType = sourcecode.swift; path = MainVideoSubDataViewModel.swift; sourceTree = "<group>"; };
		82AB70DA2518C2600002B3D7 /* VideosViewModel.swift */ = {isa = PBXFileReference; lastKnownFileType = sourcecode.swift; path = VideosViewModel.swift; sourceTree = "<group>"; };
		82AB70DC2518C2820002B3D7 /* VideosModel.swift */ = {isa = PBXFileReference; lastKnownFileType = sourcecode.swift; path = VideosModel.swift; sourceTree = "<group>"; };
		82AB70DE2518F0ED0002B3D7 /* ChannelsModel.swift */ = {isa = PBXFileReference; lastKnownFileType = sourcecode.swift; path = ChannelsModel.swift; sourceTree = "<group>"; };
		82AB70E02518F2390002B3D7 /* ChannelsViewModel.swift */ = {isa = PBXFileReference; lastKnownFileType = sourcecode.swift; path = ChannelsViewModel.swift; sourceTree = "<group>"; };
		F3E1709DF9F12C27BDBA8CEB /* Pods_YoutubePlayer.framework */ = {isa = PBXFileReference; explicitFileType = wrapper.framework; includeInIndex = 0; path = Pods_YoutubePlayer.framework; sourceTree = BUILT_PRODUCTS_DIR; };
/* End PBXFileReference section */

/* Begin PBXFrameworksBuildPhase section */
		8252E3F224C57E1300EC390A /* Frameworks */ = {
			isa = PBXFrameworksBuildPhase;
			buildActionMask = 2147483647;
			files = (
				826C05C724DC14D300303719 /* WebKit.framework in Frameworks */,
				E778E53698943C939C33E287 /* Pods_YoutubePlayer.framework in Frameworks */,
			);
			runOnlyForDeploymentPostprocessing = 0;
		};
/* End PBXFrameworksBuildPhase section */

/* Begin PBXGroup section */
		8250542925164A4000048F8A /* YoutubePlayer */ = {
			isa = PBXGroup;
			children = (
			);
			path = YoutubePlayer;
			sourceTree = "<group>";
		};
		8252E3EC24C57E1300EC390A = {
			isa = PBXGroup;
			children = (
				8252E3F724C57E1300EC390A /* YoutubePlayer */,
				8252E3F624C57E1300EC390A /* Products */,
				F6C9CA3A0CC6F218B3A6CB98 /* Pods */,
				8350CFA4EE1E7F8FC93E7A72 /* Frameworks */,
			);
			sourceTree = "<group>";
		};
		8252E3F624C57E1300EC390A /* Products */ = {
			isa = PBXGroup;
			children = (
				8252E3F524C57E1300EC390A /* YoutubePlayer.app */,
			);
			name = Products;
			sourceTree = "<group>";
		};
		8252E3F724C57E1300EC390A /* YoutubePlayer */ = {
			isa = PBXGroup;
			children = (
				8250542925164A4000048F8A /* YoutubePlayer */,
				82A195D624F399DA000AA69C /* Data */,
				826C05C024DBE81B00303719 /* Managers */,
				826C05BD24DAA40100303719 /* UI */,
				8288303E24D179990012DF84 /* Model */,
				8252E41124C5947200EC390A /* Storyboard */,
				8252E40F24C5944F00EC390A /* ViewModel */,
				8252E40E24C5944500EC390A /* ViewController */,
				8252E3FA24C57E1300EC390A /* SceneDelegate.swift */,
				8288304524D1A7A30012DF84 /* AppDelegate.swift */,
				8252E40124C57E1400EC390A /* Assets.xcassets */,
				8252E40624C57E1400EC390A /* Info.plist */,
			);
			path = YoutubePlayer;
			sourceTree = "<group>";
		};
		8252E40E24C5944500EC390A /* ViewController */ = {
			isa = PBXGroup;
			children = (
				8288304324D19EE60012DF84 /* MainTableViewController.swift */,
				82505427251644A800048F8A /* DetailVideoViewController.swift */,
			);
			path = ViewController;
			sourceTree = "<group>";
		};
		8252E40F24C5944F00EC390A /* ViewModel */ = {
			isa = PBXGroup;
			children = (
				828C90A9250F662C00DB48E5 /* PlaylistItemsViewModel.swift */,
				82867AEE251101B60088FB06 /* ChannelThumbnailViewModel.swift */,
				8290053B2512597600B05E4B /* MainVideoSubDataViewModel.swift */,
				82AB70DA2518C2600002B3D7 /* VideosViewModel.swift */,
				82AB70E02518F2390002B3D7 /* ChannelsViewModel.swift */,
			);
			path = ViewModel;
			sourceTree = "<group>";
		};
		8252E41124C5947200EC390A /* Storyboard */ = {
			isa = PBXGroup;
			children = (
				8252E40324C57E1400EC390A /* LaunchScreen.storyboard */,
				8252E41424C5D15D00EC390A /* Main.storyboard */,
			);
			path = Storyboard;
			sourceTree = "<group>";
		};
		826C05BD24DAA40100303719 /* UI */ = {
			isa = PBXGroup;
			children = (
				826C05BE24DAA43500303719 /* MainTableViewCell.swift */,
			);
			path = UI;
			sourceTree = "<group>";
		};
		826C05C024DBE81B00303719 /* Managers */ = {
			isa = PBXGroup;
			children = (
				826C05C124DBE82A00303719 /* CacheManager.swift */,
			);
			path = Managers;
			sourceTree = "<group>";
		};
		8288303E24D179990012DF84 /* Model */ = {
			isa = PBXGroup;
			children = (
				828C90A7250F2BAA00DB48E5 /* PlaylistItemsModel.swift */,
				82867AEC2510FE460088FB06 /* ChannelThumbnailModel.swift */,
				829005392512584C00B05E4B /* MainVideoSubDataModel.swift */,
				82AB70DC2518C2820002B3D7 /* VideosModel.swift */,
				82AB70DE2518F0ED0002B3D7 /* ChannelsModel.swift */,
			);
			path = Model;
			sourceTree = "<group>";
		};
		82A195D624F399DA000AA69C /* Data */ = {
			isa = PBXGroup;
			children = (
				8251B9AB24D7EE2A0068D6A8 /* YoutubeDTO.swift */,
				826C05BA24DA888800303719 /* UIVO.swift */,
			);
			path = Data;
			sourceTree = "<group>";
		};
		8350CFA4EE1E7F8FC93E7A72 /* Frameworks */ = {
			isa = PBXGroup;
			children = (
				826C05C524DC0A7600303719 /* WebKit.framework */,
				F3E1709DF9F12C27BDBA8CEB /* Pods_YoutubePlayer.framework */,
			);
			name = Frameworks;
			sourceTree = "<group>";
		};
		F6C9CA3A0CC6F218B3A6CB98 /* Pods */ = {
			isa = PBXGroup;
			children = (
				18341E95D093705A585C7A62 /* Pods-YoutubePlayer.debug.xcconfig */,
				13B5FD84C402D302D3B16C1C /* Pods-YoutubePlayer.release.xcconfig */,
			);
			path = Pods;
			sourceTree = "<group>";
		};
/* End PBXGroup section */

/* Begin PBXNativeTarget section */
		8252E3F424C57E1300EC390A /* YoutubePlayer */ = {
			isa = PBXNativeTarget;
			buildConfigurationList = 8252E40924C57E1400EC390A /* Build configuration list for PBXNativeTarget "YoutubePlayer" */;
			buildPhases = (
				91CF735B946B05E4D8376D27 /* [CP] Check Pods Manifest.lock */,
				8252E3F124C57E1300EC390A /* Sources */,
				8252E3F224C57E1300EC390A /* Frameworks */,
				8252E3F324C57E1300EC390A /* Resources */,
				85408377A71AD91E3420F15B /* [CP] Embed Pods Frameworks */,
			);
			buildRules = (
			);
			dependencies = (
			);
			name = YoutubePlayer;
			productName = YoutubePlayer;
			productReference = 8252E3F524C57E1300EC390A /* YoutubePlayer.app */;
			productType = "com.apple.product-type.application";
		};
/* End PBXNativeTarget section */

/* Begin PBXProject section */
		8252E3ED24C57E1300EC390A /* Project object */ = {
			isa = PBXProject;
			attributes = {
				LastSwiftUpdateCheck = 1150;
				LastUpgradeCheck = 1150;
				ORGANIZATIONNAME = "Suhong Jeong";
				TargetAttributes = {
					8252E3F424C57E1300EC390A = {
						CreatedOnToolsVersion = 11.5;
					};
				};
			};
			buildConfigurationList = 8252E3F024C57E1300EC390A /* Build configuration list for PBXProject "YoutubePlayer" */;
			compatibilityVersion = "Xcode 9.3";
			developmentRegion = en;
			hasScannedForEncodings = 0;
			knownRegions = (
				en,
				Base,
			);
			mainGroup = 8252E3EC24C57E1300EC390A;
			productRefGroup = 8252E3F624C57E1300EC390A /* Products */;
			projectDirPath = "";
			projectRoot = "";
			targets = (
				8252E3F424C57E1300EC390A /* YoutubePlayer */,
			);
		};
/* End PBXProject section */

/* Begin PBXResourcesBuildPhase section */
		8252E3F324C57E1300EC390A /* Resources */ = {
			isa = PBXResourcesBuildPhase;
			buildActionMask = 2147483647;
			files = (
				8252E40524C57E1400EC390A /* LaunchScreen.storyboard in Resources */,
				8252E40224C57E1400EC390A /* Assets.xcassets in Resources */,
				8252E41524C5D15D00EC390A /* Main.storyboard in Resources */,
			);
			runOnlyForDeploymentPostprocessing = 0;
		};
/* End PBXResourcesBuildPhase section */

/* Begin PBXShellScriptBuildPhase section */
		85408377A71AD91E3420F15B /* [CP] Embed Pods Frameworks */ = {
			isa = PBXShellScriptBuildPhase;
			buildActionMask = 2147483647;
			files = (
			);
			inputFileListPaths = (
				"${PODS_ROOT}/Target Support Files/Pods-YoutubePlayer/Pods-YoutubePlayer-frameworks-${CONFIGURATION}-input-files.xcfilelist",
			);
			name = "[CP] Embed Pods Frameworks";
			outputFileListPaths = (
				"${PODS_ROOT}/Target Support Files/Pods-YoutubePlayer/Pods-YoutubePlayer-frameworks-${CONFIGURATION}-output-files.xcfilelist",
			);
			runOnlyForDeploymentPostprocessing = 0;
			shellPath = /bin/sh;
			shellScript = "\"${PODS_ROOT}/Target Support Files/Pods-YoutubePlayer/Pods-YoutubePlayer-frameworks.sh\"\n";
			showEnvVarsInLog = 0;
		};
		91CF735B946B05E4D8376D27 /* [CP] Check Pods Manifest.lock */ = {
			isa = PBXShellScriptBuildPhase;
			buildActionMask = 2147483647;
			files = (
			);
			inputFileListPaths = (
			);
			inputPaths = (
				"${PODS_PODFILE_DIR_PATH}/Podfile.lock",
				"${PODS_ROOT}/Manifest.lock",
			);
			name = "[CP] Check Pods Manifest.lock";
			outputFileListPaths = (
			);
			outputPaths = (
				"$(DERIVED_FILE_DIR)/Pods-YoutubePlayer-checkManifestLockResult.txt",
			);
			runOnlyForDeploymentPostprocessing = 0;
			shellPath = /bin/sh;
			shellScript = "diff \"${PODS_PODFILE_DIR_PATH}/Podfile.lock\" \"${PODS_ROOT}/Manifest.lock\" > /dev/null\nif [ $? != 0 ] ; then\n    # print error to STDERR\n    echo \"error: The sandbox is not in sync with the Podfile.lock. Run 'pod install' or update your CocoaPods installation.\" >&2\n    exit 1\nfi\n# This output is used by Xcode 'outputs' to avoid re-running this script phase.\necho \"SUCCESS\" > \"${SCRIPT_OUTPUT_FILE_0}\"\n";
			showEnvVarsInLog = 0;
		};
/* End PBXShellScriptBuildPhase section */

/* Begin PBXSourcesBuildPhase section */
		8252E3F124C57E1300EC390A /* Sources */ = {
			isa = PBXSourcesBuildPhase;
			buildActionMask = 2147483647;
			files = (
				8288304724D1A80B0012DF84 /* AppDelegate.swift in Sources */,
				82505428251644A800048F8A /* DetailVideoViewController.swift in Sources */,
				8290053C2512597600B05E4B /* MainVideoSubDataViewModel.swift in Sources */,
				8251B9AC24D7EE2A0068D6A8 /* YoutubeDTO.swift in Sources */,
				828C90AA250F662C00DB48E5 /* PlaylistItemsViewModel.swift in Sources */,
				82AB70DF2518F0ED0002B3D7 /* ChannelsModel.swift in Sources */,
				8252E3FB24C57E1300EC390A /* SceneDelegate.swift in Sources */,
				826C05C224DBE82A00303719 /* CacheManager.swift in Sources */,
				82AB70DD2518C2820002B3D7 /* VideosModel.swift in Sources */,
				8290053A2512584C00B05E4B /* MainVideoSubDataModel.swift in Sources */,
				82AB70DB2518C2600002B3D7 /* VideosViewModel.swift in Sources */,
				828C90A8250F2BAA00DB48E5 /* PlaylistItemsModel.swift in Sources */,
				82AB70E12518F2390002B3D7 /* ChannelsViewModel.swift in Sources */,
				8288304424D19EE60012DF84 /* MainTableViewController.swift in Sources */,
				826C05BB24DA888800303719 /* UIVO.swift in Sources */,
				82867AED2510FE460088FB06 /* ChannelThumbnailModel.swift in Sources */,
				826C05BF24DAA43500303719 /* MainTableViewCell.swift in Sources */,
				82867AEF251101B60088FB06 /* ChannelThumbnailViewModel.swift in Sources */,
			);
			runOnlyForDeploymentPostprocessing = 0;
		};
/* End PBXSourcesBuildPhase section */

/* Begin PBXVariantGroup section */
		8252E40324C57E1400EC390A /* LaunchScreen.storyboard */ = {
			isa = PBXVariantGroup;
			children = (
				8252E40424C57E1400EC390A /* Base */,
			);
			name = LaunchScreen.storyboard;
			sourceTree = "<group>";
		};
/* End PBXVariantGroup section */

/* Begin XCBuildConfiguration section */
		8252E40724C57E1400EC390A /* Debug */ = {
			isa = XCBuildConfiguration;
			buildSettings = {
				ALWAYS_SEARCH_USER_PATHS = NO;
				CLANG_ANALYZER_NONNULL = YES;
				CLANG_ANALYZER_NUMBER_OBJECT_CONVERSION = YES_AGGRESSIVE;
				CLANG_CXX_LANGUAGE_STANDARD = "gnu++14";
				CLANG_CXX_LIBRARY = "libc++";
				CLANG_ENABLE_MODULES = YES;
				CLANG_ENABLE_OBJC_ARC = YES;
				CLANG_ENABLE_OBJC_WEAK = YES;
				CLANG_WARN_BLOCK_CAPTURE_AUTORELEASING = YES;
				CLANG_WARN_BOOL_CONVERSION = YES;
				CLANG_WARN_COMMA = YES;
				CLANG_WARN_CONSTANT_CONVERSION = YES;
				CLANG_WARN_DEPRECATED_OBJC_IMPLEMENTATIONS = YES;
				CLANG_WARN_DIRECT_OBJC_ISA_USAGE = YES_ERROR;
				CLANG_WARN_DOCUMENTATION_COMMENTS = YES;
				CLANG_WARN_EMPTY_BODY = YES;
				CLANG_WARN_ENUM_CONVERSION = YES;
				CLANG_WARN_INFINITE_RECURSION = YES;
				CLANG_WARN_INT_CONVERSION = YES;
				CLANG_WARN_NON_LITERAL_NULL_CONVERSION = YES;
				CLANG_WARN_OBJC_IMPLICIT_RETAIN_SELF = YES;
				CLANG_WARN_OBJC_LITERAL_CONVERSION = YES;
				CLANG_WARN_OBJC_ROOT_CLASS = YES_ERROR;
				CLANG_WARN_RANGE_LOOP_ANALYSIS = YES;
				CLANG_WARN_STRICT_PROTOTYPES = YES;
				CLANG_WARN_SUSPICIOUS_MOVE = YES;
				CLANG_WARN_UNGUARDED_AVAILABILITY = YES_AGGRESSIVE;
				CLANG_WARN_UNREACHABLE_CODE = YES;
				CLANG_WARN__DUPLICATE_METHOD_MATCH = YES;
				CODE_SIGN_IDENTITY = "Apple Development";
				COPY_PHASE_STRIP = NO;
				DEBUG_INFORMATION_FORMAT = dwarf;
				DEFINES_MODULE = YES;
				ENABLE_STRICT_OBJC_MSGSEND = YES;
				ENABLE_TESTABILITY = YES;
				GCC_C_LANGUAGE_STANDARD = gnu11;
				GCC_DYNAMIC_NO_PIC = NO;
				GCC_NO_COMMON_BLOCKS = YES;
				GCC_OPTIMIZATION_LEVEL = 0;
				GCC_PREPROCESSOR_DEFINITIONS = (
					"DEBUG=1",
					"$(inherited)",
				);
				GCC_WARN_64_TO_32_BIT_CONVERSION = YES;
				GCC_WARN_ABOUT_RETURN_TYPE = YES_ERROR;
				GCC_WARN_UNDECLARED_SELECTOR = YES;
				GCC_WARN_UNINITIALIZED_AUTOS = YES_AGGRESSIVE;
				GCC_WARN_UNUSED_FUNCTION = YES;
				GCC_WARN_UNUSED_VARIABLE = YES;
				IPHONEOS_DEPLOYMENT_TARGET = 13.0;
				MTL_ENABLE_DEBUG_INFO = INCLUDE_SOURCE;
				MTL_FAST_MATH = YES;
				ONLY_ACTIVE_ARCH = YES;
				SDKROOT = iphoneos;
				SWIFT_ACTIVE_COMPILATION_CONDITIONS = DEBUG;
				SWIFT_OPTIMIZATION_LEVEL = "-Onone";
			};
			name = Debug;
		};
		8252E40824C57E1400EC390A /* Release */ = {
			isa = XCBuildConfiguration;
			buildSettings = {
				ALWAYS_SEARCH_USER_PATHS = NO;
				CLANG_ANALYZER_NONNULL = YES;
				CLANG_ANALYZER_NUMBER_OBJECT_CONVERSION = YES_AGGRESSIVE;
				CLANG_CXX_LANGUAGE_STANDARD = "gnu++14";
				CLANG_CXX_LIBRARY = "libc++";
				CLANG_ENABLE_MODULES = YES;
				CLANG_ENABLE_OBJC_ARC = YES;
				CLANG_ENABLE_OBJC_WEAK = YES;
				CLANG_WARN_BLOCK_CAPTURE_AUTORELEASING = YES;
				CLANG_WARN_BOOL_CONVERSION = YES;
				CLANG_WARN_COMMA = YES;
				CLANG_WARN_CONSTANT_CONVERSION = YES;
				CLANG_WARN_DEPRECATED_OBJC_IMPLEMENTATIONS = YES;
				CLANG_WARN_DIRECT_OBJC_ISA_USAGE = YES_ERROR;
				CLANG_WARN_DOCUMENTATION_COMMENTS = YES;
				CLANG_WARN_EMPTY_BODY = YES;
				CLANG_WARN_ENUM_CONVERSION = YES;
				CLANG_WARN_INFINITE_RECURSION = YES;
				CLANG_WARN_INT_CONVERSION = YES;
				CLANG_WARN_NON_LITERAL_NULL_CONVERSION = YES;
				CLANG_WARN_OBJC_IMPLICIT_RETAIN_SELF = YES;
				CLANG_WARN_OBJC_LITERAL_CONVERSION = YES;
				CLANG_WARN_OBJC_ROOT_CLASS = YES_ERROR;
				CLANG_WARN_RANGE_LOOP_ANALYSIS = YES;
				CLANG_WARN_STRICT_PROTOTYPES = YES;
				CLANG_WARN_SUSPICIOUS_MOVE = YES;
				CLANG_WARN_UNGUARDED_AVAILABILITY = YES_AGGRESSIVE;
				CLANG_WARN_UNREACHABLE_CODE = YES;
				CLANG_WARN__DUPLICATE_METHOD_MATCH = YES;
				CODE_SIGN_IDENTITY = "Apple Development";
				COPY_PHASE_STRIP = NO;
				DEBUG_INFORMATION_FORMAT = "dwarf-with-dsym";
				DEFINES_MODULE = YES;
				ENABLE_NS_ASSERTIONS = NO;
				ENABLE_STRICT_OBJC_MSGSEND = YES;
				GCC_C_LANGUAGE_STANDARD = gnu11;
				GCC_NO_COMMON_BLOCKS = YES;
				GCC_WARN_64_TO_32_BIT_CONVERSION = YES;
				GCC_WARN_ABOUT_RETURN_TYPE = YES_ERROR;
				GCC_WARN_UNDECLARED_SELECTOR = YES;
				GCC_WARN_UNINITIALIZED_AUTOS = YES_AGGRESSIVE;
				GCC_WARN_UNUSED_FUNCTION = YES;
				GCC_WARN_UNUSED_VARIABLE = YES;
				IPHONEOS_DEPLOYMENT_TARGET = 13.0;
				MTL_ENABLE_DEBUG_INFO = NO;
				MTL_FAST_MATH = YES;
				SDKROOT = iphoneos;
				SWIFT_COMPILATION_MODE = wholemodule;
				SWIFT_OPTIMIZATION_LEVEL = "-O";
				VALIDATE_PRODUCT = YES;
			};
			name = Release;
		};
		8252E40A24C57E1400EC390A /* Debug */ = {
			isa = XCBuildConfiguration;
			baseConfigurationReference = 18341E95D093705A585C7A62 /* Pods-YoutubePlayer.debug.xcconfig */;
			buildSettings = {
				ASSETCATALOG_COMPILER_APPICON_NAME = AppIcon;
				CODE_SIGN_STYLE = Automatic;
				DEVELOPMENT_TEAM = XJHDNUWBP6;
				INFOPLIST_FILE = YoutubePlayer/Info.plist;
				LD_RUNPATH_SEARCH_PATHS = (
					"$(inherited)",
					"@executable_path/Frameworks",
				);
				PRODUCT_BUNDLE_IDENTIFIER = com.Suhong.YoutubePlayer;
				PRODUCT_NAME = "$(TARGET_NAME)";
				SWIFT_VERSION = 5.0;
				TARGETED_DEVICE_FAMILY = "1,2";
			};
			name = Debug;
		};
		8252E40B24C57E1400EC390A /* Release */ = {
			isa = XCBuildConfiguration;
			baseConfigurationReference = 13B5FD84C402D302D3B16C1C /* Pods-YoutubePlayer.release.xcconfig */;
			buildSettings = {
				ASSETCATALOG_COMPILER_APPICON_NAME = AppIcon;
				CODE_SIGN_STYLE = Automatic;
				DEVELOPMENT_TEAM = XJHDNUWBP6;
				INFOPLIST_FILE = YoutubePlayer/Info.plist;
				LD_RUNPATH_SEARCH_PATHS = (
					"$(inherited)",
					"@executable_path/Frameworks",
				);
				PRODUCT_BUNDLE_IDENTIFIER = com.Suhong.YoutubePlayer;
				PRODUCT_NAME = "$(TARGET_NAME)";
				SWIFT_VERSION = 5.0;
				TARGETED_DEVICE_FAMILY = "1,2";
			};
			name = Release;
		};
/* End XCBuildConfiguration section */

/* Begin XCConfigurationList section */
		8252E3F024C57E1300EC390A /* Build configuration list for PBXProject "YoutubePlayer" */ = {
			isa = XCConfigurationList;
			buildConfigurations = (
				8252E40724C57E1400EC390A /* Debug */,
				8252E40824C57E1400EC390A /* Release */,
			);
			defaultConfigurationIsVisible = 0;
			defaultConfigurationName = Release;
		};
		8252E40924C57E1400EC390A /* Build configuration list for PBXNativeTarget "YoutubePlayer" */ = {
			isa = XCConfigurationList;
			buildConfigurations = (
				8252E40A24C57E1400EC390A /* Debug */,
				8252E40B24C57E1400EC390A /* Release */,
			);
			defaultConfigurationIsVisible = 0;
			defaultConfigurationName = Release;
		};
/* End XCConfigurationList section */
	};
	rootObject = 8252E3ED24C57E1300EC390A /* Project object */;
}
